
Microsoft Visual Studio Solution File, Format Version 12.00
# Visual Studio 15
Project("{FAE04EC0-301F-11D3-BF4B-00C04F79EFBC}") = "Unity.XR.Interaction.Toolkit.Samples.StarterAssets", "Unity.XR.Interaction.Toolkit.Samples.StarterAssets.csproj", "{3AAAC281-4B91-A36B-0CF4-3CCE08B1FDF5}"
EndProject
Project("{FAE04EC0-301F-11D3-BF4B-00C04F79EFBC}") = "Unity.XR.Interaction.Toolkit.Samples.Hands", "Unity.XR.Interaction.Toolkit.Samples.Hands.csproj", "{5F6CAD8C-03FB-BDDA-28BC-BD3FD345620E}"
EndProject
Project("{FAE04EC0-301F-11D3-BF4B-00C04F79EFBC}") = "Unity.XR.Interaction.Toolkit.Samples.StarterAssets.Editor", "Unity.XR.Interaction.Toolkit.Samples.StarterAssets.Editor.csproj", "{AAE893AC-9E5E-FFC6-BD83-60155EC6CEA4}"
EndProject
Project("{FAE04EC0-301F-11D3-BF4B-00C04F79EFBC}") = "Assembly-CSharp-Editor", "Assembly-CSharp-Editor.csproj", "{C0CEE671-2A18-69FF-A819-2677C40C9F0C}"
EndProject
Project("{FAE04EC0-301F-11D3-BF4B-00C04F79EFBC}") = "Unity.XR.Hands.Samples.VisualizerSample", "Unity.XR.Hands.Samples.VisualizerSample.csproj", "{EDF48136-E0E2-7649-BF1A-433A301D69C8}"
EndProject
Project("{FAE04EC0-301F-11D3-BF4B-00C04F79EFBC}") = "Unity.XR.Interaction.Toolkit.Samples.DeviceSimulator", "Unity.XR.Interaction.Toolkit.Samples.DeviceSimulator.csproj", "{2AD9E2C1-40D3-2765-EF03-FF4D9ACB1B1D}"
EndProject
Project("{FAE04EC0-301F-11D3-BF4B-00C04F79EFBC}") = "Unity.XR.Interaction.Toolkit.Samples.InteractionSimulator", "Unity.XR.Interaction.Toolkit.Samples.InteractionSimulator.csproj", "{631FBDC6-84D8-0FBA-5271-FB624ABD466B}"
EndProject
Project("{FAE04EC0-301F-11D3-BF4B-00C04F79EFBC}") = "Unity.XR.Interaction.Toolkit.Samples.InteractionSimulator.Editor", "Unity.XR.Interaction.Toolkit.Samples.InteractionSimulator.Editor.csproj", "{65307A21-EAC3-55FF-83CC-B98931ADA9D2}"
EndProject
Project("{FAE04EC0-301F-11D3-BF4B-00C04F79EFBC}") = "Assembly-CSharp", "Assembly-CSharp.csproj", "{3EE2C278-3C45-C284-1074-6778442EAFEC}"
EndProject
Project("{FAE04EC0-301F-11D3-BF4B-00C04F79EFBC}") = "Unity.XR.Interaction.Toolkit.Samples.Hands.Editor", "Unity.XR.Interaction.Toolkit.Samples.Hands.Editor.csproj", "{A59EA7F5-F3E4-1D23-1BAA-83B8D02DAC77}"
EndProject
Global
	GlobalSection(SolutionConfigurationPlatforms) = preSolution
		Debug|Any CPU = Debug|Any CPU
		Release|Any CPU = Release|Any CPU
	EndGlobalSection
	GlobalSection(ProjectConfigurationPlatforms) = postSolution
		{3AAAC281-4B91-A36B-0CF4-3CCE08B1FDF5}.Debug|Any CPU.ActiveCfg = Debug|Any CPU
		{3AAAC281-4B91-A36B-0CF4-3CCE08B1FDF5}.Debug|Any CPU.Build.0 = Debug|Any CPU
		{3AAAC281-4B91-A36B-0CF4-3CCE08B1FDF5}.Release|Any CPU.ActiveCfg = Release|Any CPU
		{3AAAC281-4B91-A36B-0CF4-3CCE08B1FDF5}.Release|Any CPU.Build.0 = Release|Any CPU
		{5F6CAD8C-03FB-BDDA-28BC-BD3FD345620E}.Debug|Any CPU.ActiveCfg = Debug|Any CPU
		{5F6CAD8C-03FB-BDDA-28BC-BD3FD345620E}.Debug|Any CPU.Build.0 = Debug|Any CPU
		{5F6CAD8C-03FB-BDDA-28BC-BD3FD345620E}.Release|Any CPU.ActiveCfg = Release|Any CPU
		{5F6CAD8C-03FB-BDDA-28BC-BD3FD345620E}.Release|Any CPU.Build.0 = Release|Any CPU
		{AAE893AC-9E5E-FFC6-BD83-60155EC6CEA4}.Debug|Any CPU.ActiveCfg = Debug|Any CPU
		{AAE893AC-9E5E-FFC6-BD83-60155EC6CEA4}.Debug|Any CPU.Build.0 = Debug|Any CPU
		{AAE893AC-9E5E-FFC6-BD83-60155EC6CEA4}.Release|Any CPU.ActiveCfg = Release|Any CPU
		{AAE893AC-9E5E-FFC6-BD83-60155EC6CEA4}.Release|Any CPU.Build.0 = Release|Any CPU
		{C0CEE671-2A18-69FF-A819-2677C40C9F0C}.Debug|Any CPU.ActiveCfg = Debug|Any CPU
		{C0CEE671-2A18-69FF-A819-2677C40C9F0C}.Debug|Any CPU.Build.0 = Debug|Any CPU
		{C0CEE671-2A18-69FF-A819-2677C40C9F0C}.Release|Any CPU.ActiveCfg = Release|Any CPU
		{C0CEE671-2A18-69FF-A819-2677C40C9F0C}.Release|Any CPU.Build.0 = Release|Any CPU
		{EDF48136-E0E2-7649-BF1A-433A301D69C8}.Debug|Any CPU.ActiveCfg = Debug|Any CPU
		{EDF48136-E0E2-7649-BF1A-433A301D69C8}.Debug|Any CPU.Build.0 = Debug|Any CPU
		{EDF48136-E0E2-7649-BF1A-433A301D69C8}.Release|Any CPU.ActiveCfg = Release|Any CPU
		{EDF48136-E0E2-7649-BF1A-433A301D69C8}.Release|Any CPU.Build.0 = Release|Any CPU
		{2AD9E2C1-40D3-2765-EF03-FF4D9ACB1B1D}.Debug|Any CPU.ActiveCfg = Debug|Any CPU
		{2AD9E2C1-40D3-2765-EF03-FF4D9ACB1B1D}.Debug|Any CPU.Build.0 = Debug|Any CPU
		{2AD9E2C1-40D3-2765-EF03-FF4D9ACB1B1D}.Release|Any CPU.ActiveCfg = Release|Any CPU
		{2AD9E2C1-40D3-2765-EF03-FF4D9ACB1B1D}.Release|Any CPU.Build.0 = Release|Any CPU
		{631FBDC6-84D8-0FBA-5271-FB624ABD466B}.Debug|Any CPU.ActiveCfg = Debug|Any CPU
		{631FBDC6-84D8-0FBA-5271-FB624ABD466B}.Debug|Any CPU.Build.0 = Debug|Any CPU
		{631FBDC6-84D8-0FBA-5271-FB624ABD466B}.Release|Any CPU.ActiveCfg = Release|Any CPU
		{631FBDC6-84D8-0FBA-5271-FB624ABD466B}.Release|Any CPU.Build.0 = Release|Any CPU
		{65307A21-EAC3-55FF-83CC-B98931ADA9D2}.Debug|Any CPU.ActiveCfg = Debug|Any CPU
		{65307A21-EAC3-55FF-83CC-B98931ADA9D2}.Debug|Any CPU.Build.0 = Debug|Any CPU
		{65307A21-EAC3-55FF-83CC-B98931ADA9D2}.Release|Any CPU.ActiveCfg = Release|Any CPU
		{65307A21-EAC3-55FF-83CC-B98931ADA9D2}.Release|Any CPU.Build.0 = Release|Any CPU
		{3EE2C278-3C45-C284-1074-6778442EAFEC}.Debug|Any CPU.ActiveCfg = Debug|Any CPU
		{3EE2C278-3C45-C284-1074-6778442EAFEC}.Debug|Any CPU.Build.0 = Debug|Any CPU
		{3EE2C278-3C45-C284-1074-6778442EAFEC}.Release|Any CPU.ActiveCfg = Release|Any CPU
		{3EE2C278-3C45-C284-1074-6778442EAFEC}.Release|Any CPU.Build.0 = Release|Any CPU
		{A59EA7F5-F3E4-1D23-1BAA-83B8D02DAC77}.Debug|Any CPU.ActiveCfg = Debug|Any CPU
		{A59EA7F5-F3E4-1D23-1BAA-83B8D02DAC77}.Debug|Any CPU.Build.0 = Debug|Any CPU
		{A59EA7F5-F3E4-1D23-1BAA-83B8D02DAC77}.Release|Any CPU.ActiveCfg = Release|Any CPU
		{A59EA7F5-F3E4-1D23-1BAA-83B8D02DAC77}.Release|Any CPU.Build.0 = Release|Any CPU
	EndGlobalSection
	GlobalSection(SolutionProperties) = preSolution
		HideSolutionNode = FALSE
	EndGlobalSection
EndGlobal
